
Microsoft Visual Studio Solution File, Format Version 12.00
# Visual Studio Version 17
VisualStudioVersion = 17.9.34902.65
MinimumVisualStudioVersion = 10.0.40219.1
Project("{FAE04EC0-301F-11D3-BF4B-00C04F79EFBC}") = "BackendCodeForML.Web", "BackendCodeForML.Web\BackendCodeForML.Web.csproj", "{F54BEAD9-4C97-47BE-AB0A-8FA1B795DFCB}"
EndProject
Global
	GlobalSection(SolutionConfigurationPlatforms) = preSolution
		Debug|Any CPU = Debug|Any CPU
		Release|Any CPU = Release|Any CPU
	EndGlobalSection
	GlobalSection(ProjectConfigurationPlatforms) = postSolution
		{F54BEAD9-4C97-47BE-AB0A-8FA1B795DFCB}.Debug|Any CPU.ActiveCfg = Debug|Any CPU
		{F54BEAD9-4C97-47BE-AB0A-8FA1B795DFCB}.Debug|Any CPU.Build.0 = Debug|Any CPU
		{F54BEAD9-4C97-47BE-AB0A-8FA1B795DFCB}.Release|Any CPU.ActiveCfg = Release|Any CPU
		{F54BEAD9-4C97-47BE-AB0A-8FA1B795DFCB}.Release|Any CPU.Build.0 = Release|Any CPU
	EndGlobalSection
	GlobalSection(SolutionProperties) = preSolution
		HideSolutionNode = FALSE
	EndGlobalSection
	GlobalSection(ExtensibilityGlobals) = postSolution
		SolutionGuid = {5EE92FC3-3945-4841-AB4B-FDE3D8D576F0}
	EndGlobalSection
EndGlobal
